// !$*UTF8*$!
{
	archiveVersion = 1;
	classes = {
	};
	objectVersion = 50;
	objects = {

/* Begin PBXBuildFile section */
		96B58B4923802DE60035A2B3 /* AppDelegate.swift in Sources */ = {isa = PBXBuildFile; fileRef = 96B58B4823802DE60035A2B3 /* AppDelegate.swift */; };
		96B58B4B23802DE60035A2B3 /* SceneDelegate.swift in Sources */ = {isa = PBXBuildFile; fileRef = 96B58B4A23802DE60035A2B3 /* SceneDelegate.swift */; };
		96B58B4D23802DE60035A2B3 /* ViewController.swift in Sources */ = {isa = PBXBuildFile; fileRef = 96B58B4C23802DE60035A2B3 /* ViewController.swift */; };
		96B58B5023802DE60035A2B3 /* Main.storyboard in Resources */ = {isa = PBXBuildFile; fileRef = 96B58B4E23802DE60035A2B3 /* Main.storyboard */; };
		96B58B5223802DE60035A2B3 /* Assets.xcassets in Resources */ = {isa = PBXBuildFile; fileRef = 96B58B5123802DE60035A2B3 /* Assets.xcassets */; };
		96B58B5523802DE60035A2B3 /* LaunchScreen.storyboard in Resources */ = {isa = PBXBuildFile; fileRef = 96B58B5323802DE60035A2B3 /* LaunchScreen.storyboard */; };
		96B58B5D2380CE210035A2B3 /* SwipingController.swift in Sources */ = {isa = PBXBuildFile; fileRef = 96B58B5C2380CE210035A2B3 /* SwipingController.swift */; };
		96B58B5F2380DB6F0035A2B3 /* PageCell.swift in Sources */ = {isa = PBXBuildFile; fileRef = 96B58B5E2380DB6F0035A2B3 /* PageCell.swift */; };
		96B58B612380F14E0035A2B3 /* Page.swift in Sources */ = {isa = PBXBuildFile; fileRef = 96B58B602380F14E0035A2B3 /* Page.swift */; };
/* End PBXBuildFile section */

/* Begin PBXFileReference section */
		96B58B4523802DE60035A2B3 /* MyApplicationToday.app */ = {isa = PBXFileReference; explicitFileType = wrapper.application; includeInIndex = 0; path = MyApplicationToday.app; sourceTree = BUILT_PRODUCTS_DIR; };
		96B58B4823802DE60035A2B3 /* AppDelegate.swift */ = {isa = PBXFileReference; lastKnownFileType = sourcecode.swift; path = AppDelegate.swift; sourceTree = "<group>"; };
		96B58B4A23802DE60035A2B3 /* SceneDelegate.swift */ = {isa = PBXFileReference; lastKnownFileType = sourcecode.swift; path = SceneDelegate.swift; sourceTree = "<group>"; };
		96B58B4C23802DE60035A2B3 /* ViewController.swift */ = {isa = PBXFileReference; lastKnownFileType = sourcecode.swift; path = ViewController.swift; sourceTree = "<group>"; };
		96B58B4F23802DE60035A2B3 /* Base */ = {isa = PBXFileReference; lastKnownFileType = file.storyboard; name = Base; path = Base.lproj/Main.storyboard; sourceTree = "<group>"; };
		96B58B5123802DE60035A2B3 /* Assets.xcassets */ = {isa = PBXFileReference; lastKnownFileType = folder.assetcatalog; path = Assets.xcassets; sourceTree = "<group>"; };
		96B58B5423802DE60035A2B3 /* Base */ = {isa = PBXFileReference; lastKnownFileType = file.storyboard; name = Base; path = Base.lproj/LaunchScreen.storyboard; sourceTree = "<group>"; };
		96B58B5623802DE60035A2B3 /* Info.plist */ = {isa = PBXFileReference; lastKnownFileType = text.plist.xml; path = Info.plist; sourceTree = "<group>"; };
		96B58B5C2380CE210035A2B3 /* SwipingController.swift */ = {isa = PBXFileReference; lastKnownFileType = sourcecode.swift; path = SwipingController.swift; sourceTree = "<group>"; };
		96B58B5E2380DB6F0035A2B3 /* PageCell.swift */ = {isa = PBXFileReference; lastKnownFileType = sourcecode.swift; path = PageCell.swift; sourceTree = "<group>"; };
		96B58B602380F14E0035A2B3 /* Page.swift */ = {isa = PBXFileReference; lastKnownFileType = sourcecode.swift; path = Page.swift; sourceTree = "<group>"; };
/* End PBXFileReference section */

/* Begin PBXFrameworksBuildPhase section */
		96B58B4223802DE60035A2B3 /* Frameworks */ = {
			isa = PBXFrameworksBuildPhase;
			buildActionMask = 2147483647;
			files = (
			);
			runOnlyForDeploymentPostprocessing = 0;
		};
/* End PBXFrameworksBuildPhase section */

/* Begin PBXGroup section */
		96B58B3C23802DE60035A2B3 = {
			isa = PBXGroup;
			children = (
				96B58B4723802DE60035A2B3 /* MyApplicationToday */,
				96B58B4623802DE60035A2B3 /* Products */,
			);
			sourceTree = "<group>";
		};
		96B58B4623802DE60035A2B3 /* Products */ = {
			isa = PBXGroup;
			children = (
				96B58B4523802DE60035A2B3 /* MyApplicationToday.app */,
			);
			name = Products;
			sourceTree = "<group>";
		};
		96B58B4723802DE60035A2B3 /* MyApplicationToday */ = {
			isa = PBXGroup;
			children = (
				96B58B4823802DE60035A2B3 /* AppDelegate.swift */,
				96B58B4A23802DE60035A2B3 /* SceneDelegate.swift */,
				96B58B4C23802DE60035A2B3 /* ViewController.swift */,
				96B58B5C2380CE210035A2B3 /* SwipingController.swift */,
				96B58B5E2380DB6F0035A2B3 /* PageCell.swift */,
				96B58B4E23802DE60035A2B3 /* Main.storyboard */,
				96B58B5123802DE60035A2B3 /* Assets.xcassets */,
				96B58B5323802DE60035A2B3 /* LaunchScreen.storyboard */,
				96B58B5623802DE60035A2B3 /* Info.plist */,
				96B58B602380F14E0035A2B3 /* Page.swift */,
			);
			path = MyApplicationToday;
			sourceTree = "<group>";
		};
/* End PBXGroup section */

/* Begin PBXNativeTarget section */
		96B58B4423802DE60035A2B3 /* MyApplicationToday */ = {
			isa = PBXNativeTarget;
			buildConfigurationList = 96B58B5923802DE60035A2B3 /* Build configuration list for PBXNativeTarget "MyApplicationToday" */;
			buildPhases = (
				96B58B4123802DE60035A2B3 /* Sources */,
				96B58B4223802DE60035A2B3 /* Frameworks */,
				96B58B4323802DE60035A2B3 /* Resources */,
			);
			buildRules = (
			);
			dependencies = (
			);
			name = MyApplicationToday;
			productName = MyApplicationToday;
			productReference = 96B58B4523802DE60035A2B3 /* MyApplicationToday.app */;
			productType = "com.apple.product-type.application";
		};
/* End PBXNativeTarget section */

/* Begin PBXProject section */
		96B58B3D23802DE60035A2B3 /* Project object */ = {
			isa = PBXProject;
			attributes = {
				LastSwiftUpdateCheck = 1100;
				LastUpgradeCheck = 1100;
				ORGANIZATIONNAME = "Дмитрий";
				TargetAttributes = {
					96B58B4423802DE60035A2B3 = {
						CreatedOnToolsVersion = 11.0;
					};
				};
			};
			buildConfigurationList = 96B58B4023802DE60035A2B3 /* Build configuration list for PBXProject "MyApplicationToday" */;
			compatibilityVersion = "Xcode 9.3";
			developmentRegion = en;
			hasScannedForEncodings = 0;
			knownRegions = (
				en,
				Base,
			);
			mainGroup = 96B58B3C23802DE60035A2B3;
			productRefGroup = 96B58B4623802DE60035A2B3 /* Products */;
			projectDirPath = "";
			projectRoot = "";
			targets = (
				96B58B4423802DE60035A2B3 /* MyApplicationToday */,
			);
		};
/* End PBXProject section */

/* Begin PBXResourcesBuildPhase section */
		96B58B4323802DE60035A2B3 /* Resources */ = {
			isa = PBXResourcesBuildPhase;
			buildActionMask = 2147483647;
			files = (
				96B58B5523802DE60035A2B3 /* LaunchScreen.storyboard in Resources */,
				96B58B5223802DE60035A2B3 /* Assets.xcassets in Resources */,
				96B58B5023802DE60035A2B3 /* Main.storyboard in Resources */,
			);
			runOnlyForDeploymentPostprocessing = 0;
		};
/* End PBXResourcesBuildPhase section */

/* Begin PBXSourcesBuildPhase section */
		96B58B4123802DE60035A2B3 /* Sources */ = {
			isa = PBXSourcesBuildPhase;
			buildActionMask = 2147483647;
			files = (
				96B58B4D23802DE60035A2B3 /* ViewController.swift in Sources */,
				96B58B5F2380DB6F0035A2B3 /* PageCell.swift in Sources */,
				96B58B612380F14E0035A2B3 /* Page.swift in Sources */,
				96B58B4923802DE60035A2B3 /* AppDelegate.swift in Sources */,
				96B58B4B23802DE60035A2B3 /* SceneDelegate.swift in Sources */,
				96B58B5D2380CE210035A2B3 /* SwipingController.swift in Sources */,
			);
			runOnlyForDeploymentPostprocessing = 0;
		};
/* End PBXSourcesBuildPhase section */

/* Begin PBXVariantGroup section */
		96B58B4E23802DE60035A2B3 /* Main.storyboard */ = {
			isa = PBXVariantGroup;
			children = (
				96B58B4F23802DE60035A2B3 /* Base */,
			);
			name = Main.storyboard;
			sourceTree = "<group>";
		};
		96B58B5323802DE60035A2B3 /* LaunchScreen.storyboard */ = {
			isa = PBXVariantGroup;
			children = (
				96B58B5423802DE60035A2B3 /* Base */,
			);
			name = LaunchScreen.storyboard;
			sourceTree = "<group>";
		};
/* End PBXVariantGroup section */

/* Begin XCBuildConfiguration section */
		96B58B5723802DE60035A2B3 /* Debug */ = {
			isa = XCBuildConfiguration;
			buildSettings = {
				ALWAYS_SEARCH_USER_PATHS = NO;
				CLANG_ANALYZER_NONNULL = YES;
				CLANG_ANALYZER_NUMBER_OBJECT_CONVERSION = YES_AGGRESSIVE;
				CLANG_CXX_LANGUAGE_STANDARD = "gnu++14";
				CLANG_CXX_LIBRARY = "libc++";
				CLANG_ENABLE_MODULES = YES;
				CLANG_ENABLE_OBJC_ARC = YES;
				CLANG_ENABLE_OBJC_WEAK = YES;
				CLANG_WARN_BLOCK_CAPTURE_AUTORELEASING = YES;
				CLANG_WARN_BOOL_CONVERSION = YES;
				CLANG_WARN_COMMA = YES;
				CLANG_WARN_CONSTANT_CONVERSION = YES;
				CLANG_WARN_DEPRECATED_OBJC_IMPLEMENTATIONS = YES;
				CLANG_WARN_DIRECT_OBJC_ISA_USAGE = YES_ERROR;
				CLANG_WARN_DOCUMENTATION_COMMENTS = YES;
				CLANG_WARN_EMPTY_BODY = YES;
				CLANG_WARN_ENUM_CONVERSION = YES;
				CLANG_WARN_INFINITE_RECURSION = YES;
				CLANG_WARN_INT_CONVERSION = YES;
				CLANG_WARN_NON_LITERAL_NULL_CONVERSION = YES;
				CLANG_WARN_OBJC_IMPLICIT_RETAIN_SELF = YES;
				CLANG_WARN_OBJC_LITERAL_CONVERSION = YES;
				CLANG_WARN_OBJC_ROOT_CLASS = YES_ERROR;
				CLANG_WARN_RANGE_LOOP_ANALYSIS = YES;
				CLANG_WARN_STRICT_PROTOTYPES = YES;
				CLANG_WARN_SUSPICIOUS_MOVE = YES;
				CLANG_WARN_UNGUARDED_AVAILABILITY = YES_AGGRESSIVE;
				CLANG_WARN_UNREACHABLE_CODE = YES;
				CLANG_WARN__DUPLICATE_METHOD_MATCH = YES;
				COPY_PHASE_STRIP = NO;
				DEBUG_INFORMATION_FORMAT = dwarf;
				ENABLE_STRICT_OBJC_MSGSEND = YES;
				ENABLE_TESTABILITY = YES;
				GCC_C_LANGUAGE_STANDARD = gnu11;
				GCC_DYNAMIC_NO_PIC = NO;
				GCC_NO_COMMON_BLOCKS = YES;
				GCC_OPTIMIZATION_LEVEL = 0;
				GCC_PREPROCESSOR_DEFINITIONS = (
					"DEBUG=1",
					"$(inherited)",
				);
				GCC_WARN_64_TO_32_BIT_CONVERSION = YES;
				GCC_WARN_ABOUT_RETURN_TYPE = YES_ERROR;
				GCC_WARN_UNDECLARED_SELECTOR = YES;
				GCC_WARN_UNINITIALIZED_AUTOS = YES_AGGRESSIVE;
				GCC_WARN_UNUSED_FUNCTION = YES;
				GCC_WARN_UNUSED_VARIABLE = YES;
				IPHONEOS_DEPLOYMENT_TARGET = 13.0;
				MTL_ENABLE_DEBUG_INFO = INCLUDE_SOURCE;
				MTL_FAST_MATH = YES;
				ONLY_ACTIVE_ARCH = YES;
				SDKROOT = iphoneos;
				SWIFT_ACTIVE_COMPILATION_CONDITIONS = DEBUG;
				SWIFT_OPTIMIZATION_LEVEL = "-Onone";
			};
			name = Debug;
		};
		96B58B5823802DE60035A2B3 /* Release */ = {
			isa = XCBuildConfiguration;
			buildSettings = {
				ALWAYS_SEARCH_USER_PATHS = NO;
				CLANG_ANALYZER_NONNULL = YES;
				CLANG_ANALYZER_NUMBER_OBJECT_CONVERSION = YES_AGGRESSIVE;
				CLANG_CXX_LANGUAGE_STANDARD = "gnu++14";
				CLANG_CXX_LIBRARY = "libc++";
				CLANG_ENABLE_MODULES = YES;
				CLANG_ENABLE_OBJC_ARC = YES;
				CLANG_ENABLE_OBJC_WEAK = YES;
				CLANG_WARN_BLOCK_CAPTURE_AUTORELEASING = YES;
				CLANG_WARN_BOOL_CONVERSION = YES;
				CLANG_WARN_COMMA = YES;
				CLANG_WARN_CONSTANT_CONVERSION = YES;
				CLANG_WARN_DEPRECATED_OBJC_IMPLEMENTATIONS = YES;
				CLANG_WARN_DIRECT_OBJC_ISA_USAGE = YES_ERROR;
				CLANG_WARN_DOCUMENTATION_COMMENTS = YES;
				CLANG_WARN_EMPTY_BODY = YES;
				CLANG_WARN_ENUM_CONVERSION = YES;
				CLANG_WARN_INFINITE_RECURSION = YES;
				CLANG_WARN_INT_CONVERSION = YES;
				CLANG_WARN_NON_LITERAL_NULL_CONVERSION = YES;
				CLANG_WARN_OBJC_IMPLICIT_RETAIN_SELF = YES;
				CLANG_WARN_OBJC_LITERAL_CONVERSION = YES;
				CLANG_WARN_OBJC_ROOT_CLASS = YES_ERROR;
				CLANG_WARN_RANGE_LOOP_ANALYSIS = YES;
				CLANG_WARN_STRICT_PROTOTYPES = YES;
				CLANG_WARN_SUSPICIOUS_MOVE = YES;
				CLANG_WARN_UNGUARDED_AVAILABILITY = YES_AGGRESSIVE;
				CLANG_WARN_UNREACHABLE_CODE = YES;
				CLANG_WARN__DUPLICATE_METHOD_MATCH = YES;
				COPY_PHASE_STRIP = NO;
				DEBUG_INFORMATION_FORMAT = "dwarf-with-dsym";
				ENABLE_NS_ASSERTIONS = NO;
				ENABLE_STRICT_OBJC_MSGSEND = YES;
				GCC_C_LANGUAGE_STANDARD = gnu11;
				GCC_NO_COMMON_BLOCKS = YES;
				GCC_WARN_64_TO_32_BIT_CONVERSION = YES;
				GCC_WARN_ABOUT_RETURN_TYPE = YES_ERROR;
				GCC_WARN_UNDECLARED_SELECTOR = YES;
				GCC_WARN_UNINITIALIZED_AUTOS = YES_AGGRESSIVE;
				GCC_WARN_UNUSED_FUNCTION = YES;
				GCC_WARN_UNUSED_VARIABLE = YES;
				IPHONEOS_DEPLOYMENT_TARGET = 13.0;
				MTL_ENABLE_DEBUG_INFO = NO;
				MTL_FAST_MATH = YES;
				SDKROOT = iphoneos;
				SWIFT_COMPILATION_MODE = wholemodule;
				SWIFT_OPTIMIZATION_LEVEL = "-O";
				VALIDATE_PRODUCT = YES;
			};
			name = Release;
		};
		96B58B5A23802DE60035A2B3 /* Debug */ = {
			isa = XCBuildConfiguration;
			buildSettings = {
				ASSETCATALOG_COMPILER_APPICON_NAME = AppIcon;
				CODE_SIGN_STYLE = Automatic;
				DEVELOPMENT_TEAM = CK7QF6SQ3W;
				INFOPLIST_FILE = MyApplicationToday/Info.plist;
				LD_RUNPATH_SEARCH_PATHS = (
					"$(inherited)",
					"@executable_path/Frameworks",
				);
				PRODUCT_BUNDLE_IDENTIFIER = da.savushkin.MyApplicationToday;
				PRODUCT_NAME = "$(TARGET_NAME)";
				SWIFT_VERSION = 5.0;
				TARGETED_DEVICE_FAMILY = "1,2";
			};
			name = Debug;
		};
		96B58B5B23802DE60035A2B3 /* Release */ = {
			isa = XCBuildConfiguration;
			buildSettings = {
				ASSETCATALOG_COMPILER_APPICON_NAME = AppIcon;
				CODE_SIGN_STYLE = Automatic;
				DEVELOPMENT_TEAM = CK7QF6SQ3W;
				INFOPLIST_FILE = MyApplicationToday/Info.plist;
				LD_RUNPATH_SEARCH_PATHS = (
					"$(inherited)",
					"@executable_path/Frameworks",
				);
				PRODUCT_BUNDLE_IDENTIFIER = da.savushkin.MyApplicationToday;
				PRODUCT_NAME = "$(TARGET_NAME)";
				SWIFT_VERSION = 5.0;
				TARGETED_DEVICE_FAMILY = "1,2";
			};
			name = Release;
		};
/* End XCBuildConfiguration section */

/* Begin XCConfigurationList section */
		96B58B4023802DE60035A2B3 /* Build configuration list for PBXProject "MyApplicationToday" */ = {
			isa = XCConfigurationList;
			buildConfigurations = (
				96B58B5723802DE60035A2B3 /* Debug */,
				96B58B5823802DE60035A2B3 /* Release */,
			);
			defaultConfigurationIsVisible = 0;
			defaultConfigurationName = Release;
		};
		96B58B5923802DE60035A2B3 /* Build configuration list for PBXNativeTarget "MyApplicationToday" */ = {
			isa = XCConfigurationList;
			buildConfigurations = (
				96B58B5A23802DE60035A2B3 /* Debug */,
				96B58B5B23802DE60035A2B3 /* Release */,
			);
			defaultConfigurationIsVisible = 0;
			defaultConfigurationName = Release;
		};
/* End XCConfigurationList section */
	};
	rootObject = 96B58B3D23802DE60035A2B3 /* Project object */;
}
